
Microsoft Visual Studio Solution File, Format Version 12.00
# Visual Studio 15
VisualStudioVersion = 15.0.27428.2037
MinimumVisualStudioVersion = 10.0.40219.1
Project("{FAE04EC0-301F-11D3-BF4B-00C04F79EFBC}") = "GuessFont", "GuessFont\GuessFont.csproj", "{6A756AFF-6E3F-4E90-B9E1-0B5184544B3B}"
EndProject
Global
	GlobalSection(SolutionConfigurationPlatforms) = preSolution
		Debug|Any CPU = Debug|Any CPU
		Release|Any CPU = Release|Any CPU
	EndGlobalSection
	GlobalSection(ProjectConfigurationPlatforms) = postSolution
		{6A756AFF-6E3F-4E90-B9E1-0B5184544B3B}.Debug|Any CPU.ActiveCfg = Debug|Any CPU
		{6A756AFF-6E3F-4E90-B9E1-0B5184544B3B}.Debug|Any CPU.Build.0 = Debug|Any CPU
		{6A756AFF-6E3F-4E90-B9E1-0B5184544B3B}.Release|Any CPU.ActiveCfg = Release|Any CPU
		{6A756AFF-6E3F-4E90-B9E1-0B5184544B3B}.Release|Any CPU.Build.0 = Release|Any CPU
	EndGlobalSection
	GlobalSection(SolutionProperties) = preSolution
		HideSolutionNode = FALSE
	EndGlobalSection
	GlobalSection(ExtensibilityGlobals) = postSolution
		SolutionGuid = {76F3364B-1AE1-4EC5-B3E3-E9EF5E20CEE3}
	EndGlobalSection
EndGlobal
